<?xml version="1.0" encoding="utf-8"?>
<Project ToolsVersion="4.0" xmlns="http://schemas.microsoft.com/developer/msbuild/2003">
  <ItemGroup>
    <Filter Include="Source Files">
      <UniqueIdentifier>{4FC737F1-C7A5-4376-A066-2A32D752A2FF}</UniqueIdentifier>
      <Extensions>cpp;c;cc;cxx;def;odl;idl;hpj;bat;asm;asmx</Extensions>
    </Filter>
    <Filter Include="Header Files">
      <UniqueIdentifier>{93995380-89BD-4b04-88EB-625FBE52EBFB}</UniqueIdentifier>
      <Extensions>h;hh;hpp;hxx;hm;inl;inc;xsd</Extensions>
    </Filter>
    <Filter Include="Resource Files">
      <UniqueIdentifier>{67DA6AB6-F800-4c08-8B7A-83BB121AAD01}</UniqueIdentifier>
      <Extensions>rc;ico;cur;bmp;dlg;rc2;rct;bin;rgs;gif;jpg;jpeg;jpe;resx;tiff;tif;png;wav;mfcribbon-ms</Extensions>
    </Filter>
  </ItemGroup>
  <ItemGroup>
    <ClCompile Include="Address.cpp">
      <Filter>Source Files</Filter>
    </ClCompile>
    <ClCompile Include="BitStream.cpp">
      <Filter>Source Files</Filter>
    </ClCompile>
    <ClCompile Include="CallbackManager.cpp">
      <Filter>Source Files</Filter>
    </ClCompile>
    <ClCompile Include="ExceptionHandler.cpp">
      <Filter>Source Files</Filter>
    </ClCompile>
    <ClCompile Include="Hooks.cpp">
      <Filter>Source Files</Filter>
    </ClCompile>
    <ClCompile Include="Main.cpp">
      <Filter>Source Files</Filter>
    </ClCompile>
    <ClCompile Include="Maths.cpp">
      <Filter>Source Files</Filter>
    </ClCompile>
    <ClCompile Include="Natives.cpp">
      <Filter>Source Files</Filter>
    </ClCompile>
    <ClCompile Include="Node.cpp">
      <Filter>Source Files</Filter>
    </ClCompile>
    <ClCompile Include="NodeManager.cpp">
      <Filter>Source Files</Filter>
    </ClCompile>
    <ClCompile Include="Patches.cpp">
      <Filter>Source Files</Filter>
    </ClCompile>
    <ClCompile Include="Playback.cpp">
      <Filter>Source Files</Filter>
    </ClCompile>
    <ClCompile Include="Player.cpp">
      <Filter>Source Files</Filter>
    </ClCompile>
    <ClCompile Include="PlayerManager.cpp">
      <Filter>Source Files</Filter>
    </ClCompile>
    <ClCompile Include="SAMPFunctions.cpp">
      <Filter>Source Files</Filter>
    </ClCompile>
    <ClCompile Include="Server.cpp">
      <Filter>Source Files</Filter>
    </ClCompile>
    <ClCompile Include="Thread.cpp">
      <Filter>Source Files</Filter>
    </ClCompile>
    <ClCompile Include="ThreadFunctions.cpp">
      <Filter>Source Files</Filter>
    </ClCompile>
    <ClCompile Include="Utils.cpp">
      <Filter>Source Files</Filter>
    </ClCompile>
    <ClCompile Include="WeaponInfo.cpp">
      <Filter>Source Files</Filter>
    </ClCompile>
    <ClCompile Include="ZMap.cpp">
      <Filter>Source Files</Filter>
    </ClCompile>
    <ClCompile Include="SDK\amxplugin.cpp">
      <Filter>Source Files</Filter>
    </ClCompile>
    <ClCompile Include="subhook\subhook.c">
      <Filter>Source Files</Filter>
    </ClCompile>
    <ClCompile Include="subhook\subhook_linux.c">
      <Filter>Source Files</Filter>
    </ClCompile>
    <ClCompile Include="subhook\subhook_windows.c">
      <Filter>Source Files</Filter>
    </ClCompile>
    <ClCompile Include="subhook\subhook_x86.c">
      <Filter>Source Files</Filter>
    </ClCompile>
  </ItemGroup>
  <ItemGroup>
    <ClInclude Include="Address.h">
      <Filter>Header Files</Filter>
    </ClInclude>
    <ClInclude Include="BitStream.h">
      <Filter>Header Files</Filter>
    </ClInclude>
    <ClInclude Include="CallbackManager.h">
      <Filter>Header Files</Filter>
    </ClInclude>
    <ClInclude Include="Common.h">
      <Filter>Header Files</Filter>
    </ClInclude>
    <ClInclude Include="ExceptionHandler.h">
      <Filter>Header Files</Filter>
    </ClInclude>
    <ClInclude Include="Hooks.h">
      <Filter>Header Files</Filter>
    </ClInclude>
    <ClInclude Include="Main.h">
      <Filter>Header Files</Filter>
    </ClInclude>
    <ClInclude Include="Maths.h">
      <Filter>Header Files</Filter>
    </ClInclude>
    <ClInclude Include="Natives.h">
      <Filter>Header Files</Filter>
    </ClInclude>
    <ClInclude Include="Node.h">
      <Filter>Header Files</Filter>
    </ClInclude>
    <ClInclude Include="NodeManager.h">
      <Filter>Header Files</Filter>
    </ClInclude>
    <ClInclude Include="Patches.h">
      <Filter>Header Files</Filter>
    </ClInclude>
    <ClInclude Include="Playback.h">
      <Filter>Header Files</Filter>
    </ClInclude>
    <ClInclude Include="Player.h">
      <Filter>Header Files</Filter>
    </ClInclude>
    <ClInclude Include="PlayerManager.h">
      <Filter>Header Files</Filter>
    </ClInclude>
    <ClInclude Include="SAMPBulletSync.h">
      <Filter>Header Files</Filter>
    </ClInclude>
    <ClInclude Include="SAMPFunctions.h">
      <Filter>Header Files</Filter>
    </ClInclude>
    <ClInclude Include="SAMPPlayer.h">
      <Filter>Header Files</Filter>
    </ClInclude>
    <ClInclude Include="SAMPPlayerPool.h">
      <Filter>Header Files</Filter>
    </ClInclude>
    <ClInclude Include="SAMPRakPeer.h">
      <Filter>Header Files</Filter>
    </ClInclude>
    <ClInclude Include="SAMPRPCParams.h">
      <Filter>Header Files</Filter>
    </ClInclude>
    <ClInclude Include="SAMPServer.h">
      <Filter>Header Files</Filter>
    </ClInclude>
    <ClInclude Include="SAMPVehicle.h">
      <Filter>Header Files</Filter>
    </ClInclude>
    <ClInclude Include="SAMPVehiclePool.h">
      <Filter>Header Files</Filter>
    </ClInclude>
    <ClInclude Include="SANode.h">
      <Filter>Header Files</Filter>
    </ClInclude>
    <ClInclude Include="Server.h">
      <Filter>Header Files</Filter>
    </ClInclude>
    <ClInclude Include="Thread.h">
      <Filter>Header Files</Filter>
    </ClInclude>
    <ClInclude Include="ThreadFunctions.h">
      <Filter>Header Files</Filter>
    </ClInclude>
    <ClInclude Include="Utils.h">
      <Filter>Header Files</Filter>
    </ClInclude>
    <ClInclude Include="WeaponInfo.h">
      <Filter>Header Files</Filter>
    </ClInclude>
    <ClInclude Include="ZMap.h">
      <Filter>Header Files</Filter>
    </ClInclude>
    <ClInclude Include="SDK\plugin.h">
      <Filter>Header Files</Filter>
    </ClInclude>
    <ClInclude Include="SDK\plugincommon.h">
      <Filter>Header Files</Filter>
    </ClInclude>
    <ClInclude Include="subhook\subhook.h">
      <Filter>Header Files</Filter>
    </ClInclude>
    <ClInclude Include="subhook\subhook_private.h">
      <Filter>Header Files</Filter>
    </ClInclude>
  </ItemGroup>
  <ItemGroup>
    <None Include="makefile" />
    <None Include="Exports.def">
      <Filter>Source Files</Filter>
    </None>
  </ItemGroup>
</Project>